
Microsoft Visual Studio Solution File, Format Version 12.00
# Visual Studio Version 16
VisualStudioVersion = 16.0.31129.286
MinimumVisualStudioVersion = 10.0.40219.1
Project("{FAE04EC0-301F-11D3-BF4B-00C04F79EFBC}") = "YourEmotionalHelper.Android", "YourEmotionalHelper\YourEmotionalHelper.Android\YourEmotionalHelper.Android.csproj", "{D76D70AF-CACC-437D-BFD2-1110F4E44768}"
EndProject
Project("{FAE04EC0-301F-11D3-BF4B-00C04F79EFBC}") = "YourEmotionalHelper.iOS", "YourEmotionalHelper\YourEmotionalHelper.iOS\YourEmotionalHelper.iOS.csproj", "{3CC0D38E-DA42-4923-A01F-233A46C481CF}"
EndProject
Project("{FAE04EC0-301F-11D3-BF4B-00C04F79EFBC}") = "YourEmotionalHelper", "YourEmotionalHelper\YourEmotionalHelper\YourEmotionalHelper.csproj", "{F7786083-722C-4067-B48E-F7214BA74C6D}"
EndProject
Global
	GlobalSection(SolutionConfigurationPlatforms) = preSolution
		Debug|Any CPU = Debug|Any CPU
		Debug|iPhone = Debug|iPhone
		Debug|iPhoneSimulator = Debug|iPhoneSimulator
		Release|Any CPU = Release|Any CPU
		Release|iPhone = Release|iPhone
		Release|iPhoneSimulator = Release|iPhoneSimulator
	EndGlobalSection
	GlobalSection(ProjectConfigurationPlatforms) = postSolution
		{D76D70AF-CACC-437D-BFD2-1110F4E44768}.Debug|Any CPU.ActiveCfg = Debug|Any CPU
		{D76D70AF-CACC-437D-BFD2-1110F4E44768}.Debug|Any CPU.Build.0 = Debug|Any CPU
		{D76D70AF-CACC-437D-BFD2-1110F4E44768}.Debug|Any CPU.Deploy.0 = Debug|Any CPU
		{D76D70AF-CACC-437D-BFD2-1110F4E44768}.Debug|iPhone.ActiveCfg = Debug|Any CPU
		{D76D70AF-CACC-437D-BFD2-1110F4E44768}.Debug|iPhone.Build.0 = Debug|Any CPU
		{D76D70AF-CACC-437D-BFD2-1110F4E44768}.Debug|iPhone.Deploy.0 = Debug|Any CPU
		{D76D70AF-CACC-437D-BFD2-1110F4E44768}.Debug|iPhoneSimulator.ActiveCfg = Debug|Any CPU
		{D76D70AF-CACC-437D-BFD2-1110F4E44768}.Debug|iPhoneSimulator.Build.0 = Debug|Any CPU
		{D76D70AF-CACC-437D-BFD2-1110F4E44768}.Debug|iPhoneSimulator.Deploy.0 = Debug|Any CPU
		{D76D70AF-CACC-437D-BFD2-1110F4E44768}.Release|Any CPU.ActiveCfg = Release|Any CPU
		{D76D70AF-CACC-437D-BFD2-1110F4E44768}.Release|Any CPU.Build.0 = Release|Any CPU
		{D76D70AF-CACC-437D-BFD2-1110F4E44768}.Release|Any CPU.Deploy.0 = Release|Any CPU
		{D76D70AF-CACC-437D-BFD2-1110F4E44768}.Release|iPhone.ActiveCfg = Release|Any CPU
		{D76D70AF-CACC-437D-BFD2-1110F4E44768}.Release|iPhone.Build.0 = Release|Any CPU
		{D76D70AF-CACC-437D-BFD2-1110F4E44768}.Release|iPhone.Deploy.0 = Release|Any CPU
		{D76D70AF-CACC-437D-BFD2-1110F4E44768}.Release|iPhoneSimulator.ActiveCfg = Release|Any CPU
		{D76D70AF-CACC-437D-BFD2-1110F4E44768}.Release|iPhoneSimulator.Build.0 = Release|Any CPU
		{D76D70AF-CACC-437D-BFD2-1110F4E44768}.Release|iPhoneSimulator.Deploy.0 = Release|Any CPU
		{3CC0D38E-DA42-4923-A01F-233A46C481CF}.Debug|Any CPU.ActiveCfg = Debug|iPhone
		{3CC0D38E-DA42-4923-A01F-233A46C481CF}.Debug|Any CPU.Build.0 = Debug|iPhone
		{3CC0D38E-DA42-4923-A01F-233A46C481CF}.Debug|Any CPU.Deploy.0 = Debug|iPhone
		{3CC0D38E-DA42-4923-A01F-233A46C481CF}.Debug|iPhone.ActiveCfg = Debug|iPhone
		{3CC0D38E-DA42-4923-A01F-233A46C481CF}.Debug|iPhone.Build.0 = Debug|iPhone
		{3CC0D38E-DA42-4923-A01F-233A46C481CF}.Debug|iPhone.Deploy.0 = Debug|iPhone
		{3CC0D38E-DA42-4923-A01F-233A46C481CF}.Debug|iPhoneSimulator.ActiveCfg = Debug|iPhoneSimulator
		{3CC0D38E-DA42-4923-A01F-233A46C481CF}.Debug|iPhoneSimulator.Build.0 = Debug|iPhoneSimulator
		{3CC0D38E-DA42-4923-A01F-233A46C481CF}.Debug|iPhoneSimulator.Deploy.0 = Debug|iPhoneSimulator
		{3CC0D38E-DA42-4923-A01F-233A46C481CF}.Release|Any CPU.ActiveCfg = Release|iPhoneSimulator
		{3CC0D38E-DA42-4923-A01F-233A46C481CF}.Release|Any CPU.Build.0 = Release|iPhoneSimulator
		{3CC0D38E-DA42-4923-A01F-233A46C481CF}.Release|Any CPU.Deploy.0 = Release|iPhoneSimulator
		{3CC0D38E-DA42-4923-A01F-233A46C481CF}.Release|iPhone.ActiveCfg = Release|iPhone
		{3CC0D38E-DA42-4923-A01F-233A46C481CF}.Release|iPhone.Build.0 = Release|iPhone
		{3CC0D38E-DA42-4923-A01F-233A46C481CF}.Release|iPhone.Deploy.0 = Release|iPhone
		{3CC0D38E-DA42-4923-A01F-233A46C481CF}.Release|iPhoneSimulator.ActiveCfg = Release|iPhoneSimulator
		{3CC0D38E-DA42-4923-A01F-233A46C481CF}.Release|iPhoneSimulator.Build.0 = Release|iPhoneSimulator
		{3CC0D38E-DA42-4923-A01F-233A46C481CF}.Release|iPhoneSimulator.Deploy.0 = Release|iPhoneSimulator
		{F7786083-722C-4067-B48E-F7214BA74C6D}.Debug|Any CPU.ActiveCfg = Debug|Any CPU
		{F7786083-722C-4067-B48E-F7214BA74C6D}.Debug|Any CPU.Build.0 = Debug|Any CPU
		{F7786083-722C-4067-B48E-F7214BA74C6D}.Debug|Any CPU.Deploy.0 = Debug|Any CPU
		{F7786083-722C-4067-B48E-F7214BA74C6D}.Debug|iPhone.ActiveCfg = Debug|Any CPU
		{F7786083-722C-4067-B48E-F7214BA74C6D}.Debug|iPhone.Build.0 = Debug|Any CPU
		{F7786083-722C-4067-B48E-F7214BA74C6D}.Debug|iPhone.Deploy.0 = Debug|Any CPU
		{F7786083-722C-4067-B48E-F7214BA74C6D}.Debug|iPhoneSimulator.ActiveCfg = Debug|Any CPU
		{F7786083-722C-4067-B48E-F7214BA74C6D}.Debug|iPhoneSimulator.Build.0 = Debug|Any CPU
		{F7786083-722C-4067-B48E-F7214BA74C6D}.Debug|iPhoneSimulator.Deploy.0 = Debug|Any CPU
		{F7786083-722C-4067-B48E-F7214BA74C6D}.Release|Any CPU.ActiveCfg = Release|Any CPU
		{F7786083-722C-4067-B48E-F7214BA74C6D}.Release|Any CPU.Build.0 = Release|Any CPU
		{F7786083-722C-4067-B48E-F7214BA74C6D}.Release|Any CPU.Deploy.0 = Release|Any CPU
		{F7786083-722C-4067-B48E-F7214BA74C6D}.Release|iPhone.ActiveCfg = Release|Any CPU
		{F7786083-722C-4067-B48E-F7214BA74C6D}.Release|iPhone.Build.0 = Release|Any CPU
		{F7786083-722C-4067-B48E-F7214BA74C6D}.Release|iPhone.Deploy.0 = Release|Any CPU
		{F7786083-722C-4067-B48E-F7214BA74C6D}.Release|iPhoneSimulator.ActiveCfg = Release|Any CPU
		{F7786083-722C-4067-B48E-F7214BA74C6D}.Release|iPhoneSimulator.Build.0 = Release|Any CPU
		{F7786083-722C-4067-B48E-F7214BA74C6D}.Release|iPhoneSimulator.Deploy.0 = Release|Any CPU
	EndGlobalSection
	GlobalSection(SolutionProperties) = preSolution
		HideSolutionNode = FALSE
	EndGlobalSection
	GlobalSection(ExtensibilityGlobals) = postSolution
		SolutionGuid = {8454229C-C0CF-43AB-BBDA-7CC7BDAFF48C}
	EndGlobalSection
EndGlobal
